// !$*UTF8*$!
{
	archiveVersion = 1;
	classes = {
	};
	objectVersion = 46;
	objects = {

/* Begin PBXBuildFile section */
		3FBA769F1A2CCC5000C97CB4 /* main.m in Sources */ = {isa = PBXBuildFile; fileRef = 3FBA769E1A2CCC5000C97CB4 /* main.m */; };
		3FBA76A21A2CCC5000C97CB4 /* AppDelegate.m in Sources */ = {isa = PBXBuildFile; fileRef = 3FBA76A11A2CCC5000C97CB4 /* AppDelegate.m */; };
		3FBA76A51A2CCC5000C97CB4 /* ViewController.m in Sources */ = {isa = PBXBuildFile; fileRef = 3FBA76A41A2CCC5000C97CB4 /* ViewController.m */; };
		3FBA76A81A2CCC5000C97CB4 /* Main.storyboard in Resources */ = {isa = PBXBuildFile; fileRef = 3FBA76A61A2CCC5000C97CB4 /* Main.storyboard */; };
		3FBA76AA1A2CCC5000C97CB4 /* Images.xcassets in Resources */ = {isa = PBXBuildFile; fileRef = 3FBA76A91A2CCC5000C97CB4 /* Images.xcassets */; };
		3FBA76AD1A2CCC5000C97CB4 /* LaunchScreen.xib in Resources */ = {isa = PBXBuildFile; fileRef = 3FBA76AB1A2CCC5000C97CB4 /* LaunchScreen.xib */; };
		3FBA76B91A2CCC5000C97CB4 /* CRMCalendarTests.m in Sources */ = {isa = PBXBuildFile; fileRef = 3FBA76B81A2CCC5000C97CB4 /* CRMCalendarTests.m */; };
/* End PBXBuildFile section */

/* Begin PBXContainerItemProxy section */
		3FBA76B31A2CCC5000C97CB4 /* PBXContainerItemProxy */ = {
			isa = PBXContainerItemProxy;
			containerPortal = 3FBA76911A2CCC5000C97CB4 /* Project object */;
			proxyType = 1;
			remoteGlobalIDString = 3FBA76981A2CCC5000C97CB4;
			remoteInfo = CRMCalendar;
		};
/* End PBXContainerItemProxy section */

/* Begin PBXFileReference section */
		3FBA76991A2CCC5000C97CB4 /* CRMCalendar.app */ = {isa = PBXFileReference; explicitFileType = wrapper.application; includeInIndex = 0; path = CRMCalendar.app; sourceTree = BUILT_PRODUCTS_DIR; };
		3FBA769D1A2CCC5000C97CB4 /* Info.plist */ = {isa = PBXFileReference; lastKnownFileType = text.plist.xml; path = Info.plist; sourceTree = "<group>"; };
		3FBA769E1A2CCC5000C97CB4 /* main.m */ = {isa = PBXFileReference; lastKnownFileType = sourcecode.c.objc; path = main.m; sourceTree = "<group>"; };
		3FBA76A01A2CCC5000C97CB4 /* AppDelegate.h */ = {isa = PBXFileReference; lastKnownFileType = sourcecode.c.h; path = AppDelegate.h; sourceTree = "<group>"; };
		3FBA76A11A2CCC5000C97CB4 /* AppDelegate.m */ = {isa = PBXFileReference; lastKnownFileType = sourcecode.c.objc; path = AppDelegate.m; sourceTree = "<group>"; };
		3FBA76A31A2CCC5000C97CB4 /* ViewController.h */ = {isa = PBXFileReference; lastKnownFileType = sourcecode.c.h; path = ViewController.h; sourceTree = "<group>"; };
		3FBA76A41A2CCC5000C97CB4 /* ViewController.m */ = {isa = PBXFileReference; lastKnownFileType = sourcecode.c.objc; path = ViewController.m; sourceTree = "<group>"; };
		3FBA76A71A2CCC5000C97CB4 /* Base */ = {isa = PBXFileReference; lastKnownFileType = file.storyboard; name = Base; path = Base.lproj/Main.storyboard; sourceTree = "<group>"; };
		3FBA76A91A2CCC5000C97CB4 /* Images.xcassets */ = {isa = PBXFileReference; lastKnownFileType = folder.assetcatalog; path = Images.xcassets; sourceTree = "<group>"; };
		3FBA76AC1A2CCC5000C97CB4 /* Base */ = {isa = PBXFileReference; lastKnownFileType = file.xib; name = Base; path = Base.lproj/LaunchScreen.xib; sourceTree = "<group>"; };
		3FBA76B21A2CCC5000C97CB4 /* CRMCalendarTests.xctest */ = {isa = PBXFileReference; explicitFileType = wrapper.cfbundle; includeInIndex = 0; path = CRMCalendarTests.xctest; sourceTree = BUILT_PRODUCTS_DIR; };
		3FBA76B71A2CCC5000C97CB4 /* Info.plist */ = {isa = PBXFileReference; lastKnownFileType = text.plist.xml; path = Info.plist; sourceTree = "<group>"; };
		3FBA76B81A2CCC5000C97CB4 /* CRMCalendarTests.m */ = {isa = PBXFileReference; lastKnownFileType = sourcecode.c.objc; path = CRMCalendarTests.m; sourceTree = "<group>"; };
/* End PBXFileReference section */

/* Begin PBXFrameworksBuildPhase section */
		3FBA76961A2CCC5000C97CB4 /* Frameworks */ = {
			isa = PBXFrameworksBuildPhase;
			buildActionMask = 2147483647;
			files = (
			);
			runOnlyForDeploymentPostprocessing = 0;
		};
		3FBA76AF1A2CCC5000C97CB4 /* Frameworks */ = {
			isa = PBXFrameworksBuildPhase;
			buildActionMask = 2147483647;
			files = (
			);
			runOnlyForDeploymentPostprocessing = 0;
		};
/* End PBXFrameworksBuildPhase section */

/* Begin PBXGroup section */
		3FBA76901A2CCC5000C97CB4 = {
			isa = PBXGroup;
			children = (
				3FBA769B1A2CCC5000C97CB4 /* CRMCalendar */,
				3FBA76B51A2CCC5000C97CB4 /* CRMCalendarTests */,
				3FBA769A1A2CCC5000C97CB4 /* Products */,
			);
			sourceTree = "<group>";
		};
		3FBA769A1A2CCC5000C97CB4 /* Products */ = {
			isa = PBXGroup;
			children = (
				3FBA76991A2CCC5000C97CB4 /* CRMCalendar.app */,
				3FBA76B21A2CCC5000C97CB4 /* CRMCalendarTests.xctest */,
			);
			name = Products;
			sourceTree = "<group>";
		};
		3FBA769B1A2CCC5000C97CB4 /* CRMCalendar */ = {
			isa = PBXGroup;
			children = (
				3FBA76A01A2CCC5000C97CB4 /* AppDelegate.h */,
				3FBA76A11A2CCC5000C97CB4 /* AppDelegate.m */,
				3FBA76A31A2CCC5000C97CB4 /* ViewController.h */,
				3FBA76A41A2CCC5000C97CB4 /* ViewController.m */,
				3FBA76A61A2CCC5000C97CB4 /* Main.storyboard */,
				3FBA76A91A2CCC5000C97CB4 /* Images.xcassets */,
				3FBA76AB1A2CCC5000C97CB4 /* LaunchScreen.xib */,
				3FBA769C1A2CCC5000C97CB4 /* Supporting Files */,
			);
			path = CRMCalendar;
			sourceTree = "<group>";
		};
		3FBA769C1A2CCC5000C97CB4 /* Supporting Files */ = {
			isa = PBXGroup;
			children = (
				3FBA769D1A2CCC5000C97CB4 /* Info.plist */,
				3FBA769E1A2CCC5000C97CB4 /* main.m */,
			);
			name = "Supporting Files";
			sourceTree = "<group>";
		};
		3FBA76B51A2CCC5000C97CB4 /* CRMCalendarTests */ = {
			isa = PBXGroup;
			children = (
				3FBA76B81A2CCC5000C97CB4 /* CRMCalendarTests.m */,
				3FBA76B61A2CCC5000C97CB4 /* Supporting Files */,
			);
			path = CRMCalendarTests;
			sourceTree = "<group>";
		};
		3FBA76B61A2CCC5000C97CB4 /* Supporting Files */ = {
			isa = PBXGroup;
			children = (
				3FBA76B71A2CCC5000C97CB4 /* Info.plist */,
			);
			name = "Supporting Files";
			sourceTree = "<group>";
		};
/* End PBXGroup section */

/* Begin PBXNativeTarget section */
		3FBA76981A2CCC5000C97CB4 /* CRMCalendar */ = {
			isa = PBXNativeTarget;
			buildConfigurationList = 3FBA76BC1A2CCC5000C97CB4 /* Build configuration list for PBXNativeTarget "CRMCalendar" */;
			buildPhases = (
				3FBA76951A2CCC5000C97CB4 /* Sources */,
				3FBA76961A2CCC5000C97CB4 /* Frameworks */,
				3FBA76971A2CCC5000C97CB4 /* Resources */,
			);
			buildRules = (
			);
			dependencies = (
			);
			name = CRMCalendar;
			productName = CRMCalendar;
			productReference = 3FBA76991A2CCC5000C97CB4 /* CRMCalendar.app */;
			productType = "com.apple.product-type.application";
		};
		3FBA76B11A2CCC5000C97CB4 /* CRMCalendarTests */ = {
			isa = PBXNativeTarget;
			buildConfigurationList = 3FBA76BF1A2CCC5000C97CB4 /* Build configuration list for PBXNativeTarget "CRMCalendarTests" */;
			buildPhases = (
				3FBA76AE1A2CCC5000C97CB4 /* Sources */,
				3FBA76AF1A2CCC5000C97CB4 /* Frameworks */,
				3FBA76B01A2CCC5000C97CB4 /* Resources */,
			);
			buildRules = (
			);
			dependencies = (
				3FBA76B41A2CCC5000C97CB4 /* PBXTargetDependency */,
			);
			name = CRMCalendarTests;
			productName = CRMCalendarTests;
			productReference = 3FBA76B21A2CCC5000C97CB4 /* CRMCalendarTests.xctest */;
			productType = "com.apple.product-type.bundle.unit-test";
		};
/* End PBXNativeTarget section */

/* Begin PBXProject section */
		3FBA76911A2CCC5000C97CB4 /* Project object */ = {
			isa = PBXProject;
			attributes = {
				LastUpgradeCheck = 0610;
				ORGANIZATIONNAME = Enhatch;
				TargetAttributes = {
					3FBA76981A2CCC5000C97CB4 = {
						CreatedOnToolsVersion = 6.1;
					};
					3FBA76B11A2CCC5000C97CB4 = {
						CreatedOnToolsVersion = 6.1;
						TestTargetID = 3FBA76981A2CCC5000C97CB4;
					};
				};
			};
			buildConfigurationList = 3FBA76941A2CCC5000C97CB4 /* Build configuration list for PBXProject "CRMCalendar" */;
			compatibilityVersion = "Xcode 3.2";
			developmentRegion = English;
			hasScannedForEncodings = 0;
			knownRegions = (
				en,
				Base,
			);
			mainGroup = 3FBA76901A2CCC5000C97CB4;
			productRefGroup = 3FBA769A1A2CCC5000C97CB4 /* Products */;
			projectDirPath = "";
			projectRoot = "";
			targets = (
				3FBA76981A2CCC5000C97CB4 /* CRMCalendar */,
				3FBA76B11A2CCC5000C97CB4 /* CRMCalendarTests */,
			);
		};
/* End PBXProject section */

/* Begin PBXResourcesBuildPhase section */
		3FBA76971A2CCC5000C97CB4 /* Resources */ = {
			isa = PBXResourcesBuildPhase;
			buildActionMask = 2147483647;
			files = (
				3FBA76A81A2CCC5000C97CB4 /* Main.storyboard in Resources */,
				3FBA76AD1A2CCC5000C97CB4 /* LaunchScreen.xib in Resources */,
				3FBA76AA1A2CCC5000C97CB4 /* Images.xcassets in Resources */,
			);
			runOnlyForDeploymentPostprocessing = 0;
		};
		3FBA76B01A2CCC5000C97CB4 /* Resources */ = {
			isa = PBXResourcesBuildPhase;
			buildActionMask = 2147483647;
			files = (
			);
			runOnlyForDeploymentPostprocessing = 0;
		};
/* End PBXResourcesBuildPhase section */

/* Begin PBXSourcesBuildPhase section */
		3FBA76951A2CCC5000C97CB4 /* Sources */ = {
			isa = PBXSourcesBuildPhase;
			buildActionMask = 2147483647;
			files = (
				3FBA76A51A2CCC5000C97CB4 /* ViewController.m in Sources */,
				3FBA76A21A2CCC5000C97CB4 /* AppDelegate.m in Sources */,
				3FBA769F1A2CCC5000C97CB4 /* main.m in Sources */,
			);
			runOnlyForDeploymentPostprocessing = 0;
		};
		3FBA76AE1A2CCC5000C97CB4 /* Sources */ = {
			isa = PBXSourcesBuildPhase;
			buildActionMask = 2147483647;
			files = (
				3FBA76B91A2CCC5000C97CB4 /* CRMCalendarTests.m in Sources */,
			);
			runOnlyForDeploymentPostprocessing = 0;
		};
/* End PBXSourcesBuildPhase section */

/* Begin PBXTargetDependency section */
		3FBA76B41A2CCC5000C97CB4 /* PBXTargetDependency */ = {
			isa = PBXTargetDependency;
			target = 3FBA76981A2CCC5000C97CB4 /* CRMCalendar */;
			targetProxy = 3FBA76B31A2CCC5000C97CB4 /* PBXContainerItemProxy */;
		};
/* End PBXTargetDependency section */

/* Begin PBXVariantGroup section */
		3FBA76A61A2CCC5000C97CB4 /* Main.storyboard */ = {
			isa = PBXVariantGroup;
			children = (
				3FBA76A71A2CCC5000C97CB4 /* Base */,
			);
			name = Main.storyboard;
			sourceTree = "<group>";
		};
		3FBA76AB1A2CCC5000C97CB4 /* LaunchScreen.xib */ = {
			isa = PBXVariantGroup;
			children = (
				3FBA76AC1A2CCC5000C97CB4 /* Base */,
			);
			name = LaunchScreen.xib;
			sourceTree = "<group>";
		};
/* End PBXVariantGroup section */

/* Begin XCBuildConfiguration section */
		3FBA76BA1A2CCC5000C97CB4 /* Debug */ = {
			isa = XCBuildConfiguration;
			buildSettings = {
				ALWAYS_SEARCH_USER_PATHS = NO;
				CLANG_CXX_LANGUAGE_STANDARD = "gnu++0x";
				CLANG_CXX_LIBRARY = "libc++";
				CLANG_ENABLE_MODULES = YES;
				CLANG_ENABLE_OBJC_ARC = YES;
				CLANG_WARN_BOOL_CONVERSION = YES;
				CLANG_WARN_CONSTANT_CONVERSION = YES;
				CLANG_WARN_DIRECT_OBJC_ISA_USAGE = YES_ERROR;
				CLANG_WARN_EMPTY_BODY = YES;
				CLANG_WARN_ENUM_CONVERSION = YES;
				CLANG_WARN_INT_CONVERSION = YES;
				CLANG_WARN_OBJC_ROOT_CLASS = YES_ERROR;
				CLANG_WARN_UNREACHABLE_CODE = YES;
				CLANG_WARN__DUPLICATE_METHOD_MATCH = YES;
				"CODE_SIGN_IDENTITY[sdk=iphoneos*]" = "iPhone Developer";
				COPY_PHASE_STRIP = NO;
				ENABLE_STRICT_OBJC_MSGSEND = YES;
				GCC_C_LANGUAGE_STANDARD = gnu99;
				GCC_DYNAMIC_NO_PIC = NO;
				GCC_OPTIMIZATION_LEVEL = 0;
				GCC_PREPROCESSOR_DEFINITIONS = (
					"DEBUG=1",
					"$(inherited)",
				);
				GCC_SYMBOLS_PRIVATE_EXTERN = NO;
				GCC_WARN_64_TO_32_BIT_CONVERSION = YES;
				GCC_WARN_ABOUT_RETURN_TYPE = YES_ERROR;
				GCC_WARN_UNDECLARED_SELECTOR = YES;
				GCC_WARN_UNINITIALIZED_AUTOS = YES_AGGRESSIVE;
				GCC_WARN_UNUSED_FUNCTION = YES;
				GCC_WARN_UNUSED_VARIABLE = YES;
				IPHONEOS_DEPLOYMENT_TARGET = 8.1;
				MTL_ENABLE_DEBUG_INFO = YES;
				ONLY_ACTIVE_ARCH = YES;
				SDKROOT = iphoneos;
			};
			name = Debug;
		};
		3FBA76BB1A2CCC5000C97CB4 /* Release */ = {
			isa = XCBuildConfiguration;
			buildSettings = {
				ALWAYS_SEARCH_USER_PATHS = NO;
				CLANG_CXX_LANGUAGE_STANDARD = "gnu++0x";
				CLANG_CXX_LIBRARY = "libc++";
				CLANG_ENABLE_MODULES = YES;
				CLANG_ENABLE_OBJC_ARC = YES;
				CLANG_WARN_BOOL_CONVERSION = YES;
				CLANG_WARN_CONSTANT_CONVERSION = YES;
				CLANG_WARN_DIRECT_OBJC_ISA_USAGE = YES_ERROR;
				CLANG_WARN_EMPTY_BODY = YES;
				CLANG_WARN_ENUM_CONVERSION = YES;
				CLANG_WARN_INT_CONVERSION = YES;
				CLANG_WARN_OBJC_ROOT_CLASS = YES_ERROR;
				CLANG_WARN_UNREACHABLE_CODE = YES;
				CLANG_WARN__DUPLICATE_METHOD_MATCH = YES;
				"CODE_SIGN_IDENTITY[sdk=iphoneos*]" = "iPhone Developer";
				COPY_PHASE_STRIP = YES;
				ENABLE_NS_ASSERTIONS = NO;
				ENABLE_STRICT_OBJC_MSGSEND = YES;
				GCC_C_LANGUAGE_STANDARD = gnu99;
				GCC_WARN_64_TO_32_BIT_CONVERSION = YES;
				GCC_WARN_ABOUT_RETURN_TYPE = YES_ERROR;
				GCC_WARN_UNDECLARED_SELECTOR = YES;
				GCC_WARN_UNINITIALIZED_AUTOS = YES_AGGRESSIVE;
				GCC_WARN_UNUSED_FUNCTION = YES;
				GCC_WARN_UNUSED_VARIABLE = YES;
				IPHONEOS_DEPLOYMENT_TARGET = 8.1;
				MTL_ENABLE_DEBUG_INFO = NO;
				SDKROOT = iphoneos;
				VALIDATE_PRODUCT = YES;
			};
			name = Release;
		};
		3FBA76BD1A2CCC5000C97CB4 /* Debug */ = {
			isa = XCBuildConfiguration;
			buildSettings = {
				ASSETCATALOG_COMPILER_APPICON_NAME = AppIcon;
				INFOPLIST_FILE = CRMCalendar/Info.plist;
				LD_RUNPATH_SEARCH_PATHS = "$(inherited) @executable_path/Frameworks";
				PRODUCT_NAME = "$(TARGET_NAME)";
			};
			name = Debug;
		};
		3FBA76BE1A2CCC5000C97CB4 /* Release */ = {
			isa = XCBuildConfiguration;
			buildSettings = {
				ASSETCATALOG_COMPILER_APPICON_NAME = AppIcon;
				INFOPLIST_FILE = CRMCalendar/Info.plist;
				LD_RUNPATH_SEARCH_PATHS = "$(inherited) @executable_path/Frameworks";
				PRODUCT_NAME = "$(TARGET_NAME)";
			};
			name = Release;
		};
		3FBA76C01A2CCC5000C97CB4 /* Debug */ = {
			isa = XCBuildConfiguration;
			buildSettings = {
				BUNDLE_LOADER = "$(TEST_HOST)";
				FRAMEWORK_SEARCH_PATHS = (
					"$(SDKROOT)/Developer/Library/Frameworks",
					"$(inherited)",
				);
				GCC_PREPROCESSOR_DEFINITIONS = (
					"DEBUG=1",
					"$(inherited)",
				);
				INFOPLIST_FILE = CRMCalendarTests/Info.plist;
				LD_RUNPATH_SEARCH_PATHS = "$(inherited) @executable_path/Frameworks @loader_path/Frameworks";
				PRODUCT_NAME = "$(TARGET_NAME)";
				TEST_HOST = "$(BUILT_PRODUCTS_DIR)/CRMCalendar.app/CRMCalendar";
			};
			name = Debug;
		};
		3FBA76C11A2CCC5000C97CB4 /* Release */ = {
			isa = XCBuildConfiguration;
			buildSettings = {
				BUNDLE_LOADER = "$(TEST_HOST)";
				FRAMEWORK_SEARCH_PATHS = (
					"$(SDKROOT)/Developer/Library/Frameworks",
					"$(inherited)",
				);
				INFOPLIST_FILE = CRMCalendarTests/Info.plist;
				LD_RUNPATH_SEARCH_PATHS = "$(inherited) @executable_path/Frameworks @loader_path/Frameworks";
				PRODUCT_NAME = "$(TARGET_NAME)";
				TEST_HOST = "$(BUILT_PRODUCTS_DIR)/CRMCalendar.app/CRMCalendar";
			};
			name = Release;
		};
/* End XCBuildConfiguration section */

/* Begin XCConfigurationList section */
		3FBA76941A2CCC5000C97CB4 /* Build configuration list for PBXProject "CRMCalendar" */ = {
			isa = XCConfigurationList;
			buildConfigurations = (
				3FBA76BA1A2CCC5000C97CB4 /* Debug */,
				3FBA76BB1A2CCC5000C97CB4 /* Release */,
			);
			defaultConfigurationIsVisible = 0;
			defaultConfigurationName = Release;
		};
		3FBA76BC1A2CCC5000C97CB4 /* Build configuration list for PBXNativeTarget "CRMCalendar" */ = {
			isa = XCConfigurationList;
			buildConfigurations = (
				3FBA76BD1A2CCC5000C97CB4 /* Debug */,
				3FBA76BE1A2CCC5000C97CB4 /* Release */,
			);
			defaultConfigurationIsVisible = 0;
		};
		3FBA76BF1A2CCC5000C97CB4 /* Build configuration list for PBXNativeTarget "CRMCalendarTests" */ = {
			isa = XCConfigurationList;
			buildConfigurations = (
				3FBA76C01A2CCC5000C97CB4 /* Debug */,
				3FBA76C11A2CCC5000C97CB4 /* Release */,
			);
			defaultConfigurationIsVisible = 0;
		};
/* End XCConfigurationList section */
	};
	rootObject = 3FBA76911A2CCC5000C97CB4 /* Project object */;
}
